
Microsoft Visual Studio Solution File, Format Version 12.00
# Visual Studio Version 17
VisualStudioVersion = 17.8.34322.80
MinimumVisualStudioVersion = 10.0.40219.1
Project("{FAE04EC0-301F-11D3-BF4B-00C04F79EFBC}") = "prog3_ejercicio_bdd-en-asp-net", "prog3_ejercicio_bdd-en-asp-net\prog3_ejercicio_bdd-en-asp-net.csproj", "{02FFC72C-E158-4B3A-9A9D-0E03D419BF57}"
EndProject
Global
	GlobalSection(SolutionConfigurationPlatforms) = preSolution
		Debug|Any CPU = Debug|Any CPU
		Release|Any CPU = Release|Any CPU
	EndGlobalSection
	GlobalSection(ProjectConfigurationPlatforms) = postSolution
		{02FFC72C-E158-4B3A-9A9D-0E03D419BF57}.Debug|Any CPU.ActiveCfg = Debug|Any CPU
		{02FFC72C-E158-4B3A-9A9D-0E03D419BF57}.Debug|Any CPU.Build.0 = Debug|Any CPU
		{02FFC72C-E158-4B3A-9A9D-0E03D419BF57}.Release|Any CPU.ActiveCfg = Release|Any CPU
		{02FFC72C-E158-4B3A-9A9D-0E03D419BF57}.Release|Any CPU.Build.0 = Release|Any CPU
	EndGlobalSection
	GlobalSection(SolutionProperties) = preSolution
		HideSolutionNode = FALSE
	EndGlobalSection
	GlobalSection(ExtensibilityGlobals) = postSolution
		SolutionGuid = {39B7746D-DC36-4EF5-8811-04716097D858}
	EndGlobalSection
EndGlobal
